
Microsoft Visual Studio Solution File, Format Version 12.00
# Visual Studio Version 17
VisualStudioVersion = 17.0.32112.339
MinimumVisualStudioVersion = 10.0.40219.1
Project("{FAE04EC0-301F-11D3-BF4B-00C04F79EFBC}") = "Result", "Result\Result.csproj", "{A81FE642-F0EF-4759-A022-F29ECE449777}"
EndProject
Global
	GlobalSection(SolutionConfigurationPlatforms) = preSolution
		Debug|Any CPU = Debug|Any CPU
		Release|Any CPU = Release|Any CPU
	EndGlobalSection
	GlobalSection(ProjectConfigurationPlatforms) = postSolution
		{A81FE642-F0EF-4759-A022-F29ECE449777}.Debug|Any CPU.ActiveCfg = Debug|Any CPU
		{A81FE642-F0EF-4759-A022-F29ECE449777}.Debug|Any CPU.Build.0 = Debug|Any CPU
		{A81FE642-F0EF-4759-A022-F29ECE449777}.Release|Any CPU.ActiveCfg = Release|Any CPU
		{A81FE642-F0EF-4759-A022-F29ECE449777}.Release|Any CPU.Build.0 = Release|Any CPU
	EndGlobalSection
	GlobalSection(SolutionProperties) = preSolution
		HideSolutionNode = FALSE
	EndGlobalSection
	GlobalSection(ExtensibilityGlobals) = postSolution
		SolutionGuid = {1E69CB77-0422-455C-9B1C-2B8359CE5DB8}
	EndGlobalSection
EndGlobal
